{
  "nodes": {
    "nexus-client": {
      "flake": false,
      "locked": {
        "lastModified": 1677784303,
        "narHash": "sha256-mc55ckIxAY3r6XbTPVSSQZKwo8p63A837dZY4iRCyZ8=",
        "ref": "refs/heads/master",
        "rev": "d44c23f09ebea96a88577fb56abc43da00ed0cd2",
        "revCount": 1,
        "type": "git",
        "url": "https://git.fudo.org/fudo-public/nexus-client.git"
      },
      "original": {
        "type": "git",
        "url": "https://git.fudo.org/fudo-public/nexus-client.git"
      }
    },
    "nexus-crypto": {
      "flake": false,
      "locked": {
        "lastModified": 1677783624,
        "narHash": "sha256-vUIT4Wl6QCFU0HWRjZNV3Vn5ejnOHeCPcmA8aj1ieCI=",
        "ref": "refs/heads/master",
        "rev": "a3870897ea6a0fa0eed18d0125a31a5c73b25649",
        "revCount": 4,
        "type": "git",
        "url": "https://git.fudo.org/fudo-public/nexus-crypto.git"
      },
      "original": {
        "type": "git",
        "url": "https://git.fudo.org/fudo-public/nexus-crypto.git"
      }
    },
    "nexus-server": {
      "flake": false,
      "locked": {
        "lastModified": 1677784063,
        "narHash": "sha256-ifMtW7pEJUuPCJ8ixt7P5X6gocfMikANbaM2BVmDOXg=",
        "ref": "refs/heads/master",
        "rev": "96b1e5a940a642f4ec34dcf62a1ed33ab67b3a05",
        "revCount": 2,
        "type": "git",
        "url": "https://git.fudo.org/fudo-public/nexus-server.git"
      },
      "original": {
        "type": "git",
        "url": "https://git.fudo.org/fudo-public/nexus-server.git"
      }
    },
    "nixpkgs": {
      "locked": {
        "lastModified": 1672580127,
        "narHash": "sha256-3lW3xZslREhJogoOkjeZtlBtvFMyxHku7I/9IVehhT8=",
        "owner": "NixOS",
        "repo": "nixpkgs",
        "rev": "0874168639713f547c05947c76124f78441ea46c",
        "type": "github"
      },
      "original": {
        "id": "nixpkgs",
        "ref": "nixos-22.05",
        "type": "indirect"
      }
    },
    "root": {
      "inputs": {
        "nexus-client": "nexus-client",
        "nexus-crypto": "nexus-crypto",
        "nexus-server": "nexus-server",
        "nixpkgs": "nixpkgs",
        "utils": "utils"
      }
    },
    "utils": {
      "locked": {
        "lastModified": 1676283394,
        "narHash": "sha256-XX2f9c3iySLCw54rJ/CZs+ZK6IQy7GXNY4nSOyu2QG4=",
        "owner": "numtide",
        "repo": "flake-utils",
        "rev": "3db36a8b464d0c4532ba1c7dda728f4576d6d073",
        "type": "github"
      },
      "original": {
        "owner": "numtide",
        "repo": "flake-utils",
        "type": "github"
      }
    }
  },
  "root": "root",
  "version": 7
}
